# THIS IS AN AUTOGENERATED FILE. DO NOT EDIT THIS FILE DIRECTLY.
# yarn lockfile v1


euv-gesture@^0.0.1:
  version "0.0.1"
  resolved "https://registry.npmjs.org/euv-gesture/-/euv-gesture-0.0.1.tgz#936ea5e33805372796184b3be92a31fe0790c417"
  integrity sha512-jZtxtsslIEUhTpiDoaaJ2l0y2U+oARsloeYoNj9VUgDb6mSIQNbXVx6rJo+D7gvdPsDcV8ClsGLM1Cg+CP9JEQ==
